<?xml version="1.0" encoding="utf-8"?>
<Project ToolsVersion="4.0" xmlns="http://schemas.microsoft.com/developer/msbuild/2003">
  <ItemGroup>
    <ClCompile Include="..\src\console.cpp" />
    <ClCompile Include="..\src\EnigmaApp.cpp" />
    <ClCompile Include="..\src\GameManager.cpp" />
    <ClCompile Include="..\src\Inventory.cpp" />
    <ClCompile Include="..\src\Item.cpp" />
    <ClCompile Include="..\src\MenuButton.cpp" />
    <ClCompile Include="..\src\Worldmap.cpp" />
    <ClCompile Include="..\src\EnigmaArea.cpp" />
  </ItemGroup>
  <ItemGroup>
    <ClInclude Include="..\include\Resources.h" />
    <ClInclude Include="..\src\Command.h" />
    <ClInclude Include="..\src\console.h" />
    <ClInclude Include="..\src\EnigmaArea.h" />
    <ClInclude Include="..\src\ExceptionClasses.h" />
    <ClInclude Include="..\src\globals.h" />
    <ClInclude Include="..\src\Inventory.h" />
    <ClInclude Include="..\src\Item.h" />
    <ClInclude Include="..\src\MenuButton.h" />
    <ClInclude Include="..\src\Worldmap.h" />
    <ClInclude Include="..\src\GameManager.h" />
    <ClInclude Include="..\src\CommandFunctions.h" />
  </ItemGroup>
  <ItemGroup>
    <ResourceCompile Include="Resources.rc" />
  </ItemGroup>
</Project>